
Microsoft Visual Studio Solution File, Format Version 12.00
# Visual Studio Version 16
VisualStudioVersion = 16.0.31729.503
MinimumVisualStudioVersion = 10.0.40219.1
Project("{FAE04EC0-301F-11D3-BF4B-00C04F79EFBC}") = "MyBoardGames_UI.Android", "MyBoardGames_UI\MyBoardGames_UI.Android\MyBoardGames_UI.Android.csproj", "{A1C38056-AC5F-476B-8EA8-E598D38ADCFD}"
EndProject
Project("{FAE04EC0-301F-11D3-BF4B-00C04F79EFBC}") = "MyBoardGames_UI.iOS", "MyBoardGames_UI\MyBoardGames_UI.iOS\MyBoardGames_UI.iOS.csproj", "{3F81263C-33D0-47A7-8604-1F88DD097609}"
EndProject
Project("{FAE04EC0-301F-11D3-BF4B-00C04F79EFBC}") = "MyBoardGames_UI", "MyBoardGames_UI\MyBoardGames_UI\MyBoardGames_UI.csproj", "{11A8C5A1-0F28-4801-B85E-B03BCE996D5B}"
EndProject
Global
	GlobalSection(SolutionConfigurationPlatforms) = preSolution
		Debug|Any CPU = Debug|Any CPU
		Debug|iPhone = Debug|iPhone
		Debug|iPhoneSimulator = Debug|iPhoneSimulator
		Release|Any CPU = Release|Any CPU
		Release|iPhone = Release|iPhone
		Release|iPhoneSimulator = Release|iPhoneSimulator
	EndGlobalSection
	GlobalSection(ProjectConfigurationPlatforms) = postSolution
		{A1C38056-AC5F-476B-8EA8-E598D38ADCFD}.Debug|Any CPU.ActiveCfg = Debug|Any CPU
		{A1C38056-AC5F-476B-8EA8-E598D38ADCFD}.Debug|Any CPU.Build.0 = Debug|Any CPU
		{A1C38056-AC5F-476B-8EA8-E598D38ADCFD}.Debug|Any CPU.Deploy.0 = Debug|Any CPU
		{A1C38056-AC5F-476B-8EA8-E598D38ADCFD}.Debug|iPhone.ActiveCfg = Debug|Any CPU
		{A1C38056-AC5F-476B-8EA8-E598D38ADCFD}.Debug|iPhone.Build.0 = Debug|Any CPU
		{A1C38056-AC5F-476B-8EA8-E598D38ADCFD}.Debug|iPhone.Deploy.0 = Debug|Any CPU
		{A1C38056-AC5F-476B-8EA8-E598D38ADCFD}.Debug|iPhoneSimulator.ActiveCfg = Debug|Any CPU
		{A1C38056-AC5F-476B-8EA8-E598D38ADCFD}.Debug|iPhoneSimulator.Build.0 = Debug|Any CPU
		{A1C38056-AC5F-476B-8EA8-E598D38ADCFD}.Debug|iPhoneSimulator.Deploy.0 = Debug|Any CPU
		{A1C38056-AC5F-476B-8EA8-E598D38ADCFD}.Release|Any CPU.ActiveCfg = Release|Any CPU
		{A1C38056-AC5F-476B-8EA8-E598D38ADCFD}.Release|Any CPU.Build.0 = Release|Any CPU
		{A1C38056-AC5F-476B-8EA8-E598D38ADCFD}.Release|Any CPU.Deploy.0 = Release|Any CPU
		{A1C38056-AC5F-476B-8EA8-E598D38ADCFD}.Release|iPhone.ActiveCfg = Release|Any CPU
		{A1C38056-AC5F-476B-8EA8-E598D38ADCFD}.Release|iPhone.Build.0 = Release|Any CPU
		{A1C38056-AC5F-476B-8EA8-E598D38ADCFD}.Release|iPhone.Deploy.0 = Release|Any CPU
		{A1C38056-AC5F-476B-8EA8-E598D38ADCFD}.Release|iPhoneSimulator.ActiveCfg = Release|Any CPU
		{A1C38056-AC5F-476B-8EA8-E598D38ADCFD}.Release|iPhoneSimulator.Build.0 = Release|Any CPU
		{A1C38056-AC5F-476B-8EA8-E598D38ADCFD}.Release|iPhoneSimulator.Deploy.0 = Release|Any CPU
		{3F81263C-33D0-47A7-8604-1F88DD097609}.Debug|Any CPU.ActiveCfg = Debug|iPhone
		{3F81263C-33D0-47A7-8604-1F88DD097609}.Debug|Any CPU.Build.0 = Debug|iPhone
		{3F81263C-33D0-47A7-8604-1F88DD097609}.Debug|Any CPU.Deploy.0 = Debug|iPhone
		{3F81263C-33D0-47A7-8604-1F88DD097609}.Debug|iPhone.ActiveCfg = Debug|iPhone
		{3F81263C-33D0-47A7-8604-1F88DD097609}.Debug|iPhone.Build.0 = Debug|iPhone
		{3F81263C-33D0-47A7-8604-1F88DD097609}.Debug|iPhone.Deploy.0 = Debug|iPhone
		{3F81263C-33D0-47A7-8604-1F88DD097609}.Debug|iPhoneSimulator.ActiveCfg = Debug|iPhoneSimulator
		{3F81263C-33D0-47A7-8604-1F88DD097609}.Debug|iPhoneSimulator.Build.0 = Debug|iPhoneSimulator
		{3F81263C-33D0-47A7-8604-1F88DD097609}.Debug|iPhoneSimulator.Deploy.0 = Debug|iPhoneSimulator
		{3F81263C-33D0-47A7-8604-1F88DD097609}.Release|Any CPU.ActiveCfg = Release|iPhoneSimulator
		{3F81263C-33D0-47A7-8604-1F88DD097609}.Release|Any CPU.Build.0 = Release|iPhoneSimulator
		{3F81263C-33D0-47A7-8604-1F88DD097609}.Release|Any CPU.Deploy.0 = Release|iPhoneSimulator
		{3F81263C-33D0-47A7-8604-1F88DD097609}.Release|iPhone.ActiveCfg = Release|iPhone
		{3F81263C-33D0-47A7-8604-1F88DD097609}.Release|iPhone.Build.0 = Release|iPhone
		{3F81263C-33D0-47A7-8604-1F88DD097609}.Release|iPhone.Deploy.0 = Release|iPhone
		{3F81263C-33D0-47A7-8604-1F88DD097609}.Release|iPhoneSimulator.ActiveCfg = Release|iPhoneSimulator
		{3F81263C-33D0-47A7-8604-1F88DD097609}.Release|iPhoneSimulator.Build.0 = Release|iPhoneSimulator
		{3F81263C-33D0-47A7-8604-1F88DD097609}.Release|iPhoneSimulator.Deploy.0 = Release|iPhoneSimulator
		{11A8C5A1-0F28-4801-B85E-B03BCE996D5B}.Debug|Any CPU.ActiveCfg = Debug|Any CPU
		{11A8C5A1-0F28-4801-B85E-B03BCE996D5B}.Debug|Any CPU.Build.0 = Debug|Any CPU
		{11A8C5A1-0F28-4801-B85E-B03BCE996D5B}.Debug|Any CPU.Deploy.0 = Debug|Any CPU
		{11A8C5A1-0F28-4801-B85E-B03BCE996D5B}.Debug|iPhone.ActiveCfg = Debug|Any CPU
		{11A8C5A1-0F28-4801-B85E-B03BCE996D5B}.Debug|iPhone.Build.0 = Debug|Any CPU
		{11A8C5A1-0F28-4801-B85E-B03BCE996D5B}.Debug|iPhone.Deploy.0 = Debug|Any CPU
		{11A8C5A1-0F28-4801-B85E-B03BCE996D5B}.Debug|iPhoneSimulator.ActiveCfg = Debug|Any CPU
		{11A8C5A1-0F28-4801-B85E-B03BCE996D5B}.Debug|iPhoneSimulator.Build.0 = Debug|Any CPU
		{11A8C5A1-0F28-4801-B85E-B03BCE996D5B}.Debug|iPhoneSimulator.Deploy.0 = Debug|Any CPU
		{11A8C5A1-0F28-4801-B85E-B03BCE996D5B}.Release|Any CPU.ActiveCfg = Release|Any CPU
		{11A8C5A1-0F28-4801-B85E-B03BCE996D5B}.Release|Any CPU.Build.0 = Release|Any CPU
		{11A8C5A1-0F28-4801-B85E-B03BCE996D5B}.Release|Any CPU.Deploy.0 = Release|Any CPU
		{11A8C5A1-0F28-4801-B85E-B03BCE996D5B}.Release|iPhone.ActiveCfg = Release|Any CPU
		{11A8C5A1-0F28-4801-B85E-B03BCE996D5B}.Release|iPhone.Build.0 = Release|Any CPU
		{11A8C5A1-0F28-4801-B85E-B03BCE996D5B}.Release|iPhone.Deploy.0 = Release|Any CPU
		{11A8C5A1-0F28-4801-B85E-B03BCE996D5B}.Release|iPhoneSimulator.ActiveCfg = Release|Any CPU
		{11A8C5A1-0F28-4801-B85E-B03BCE996D5B}.Release|iPhoneSimulator.Build.0 = Release|Any CPU
		{11A8C5A1-0F28-4801-B85E-B03BCE996D5B}.Release|iPhoneSimulator.Deploy.0 = Release|Any CPU
	EndGlobalSection
	GlobalSection(SolutionProperties) = preSolution
		HideSolutionNode = FALSE
	EndGlobalSection
	GlobalSection(ExtensibilityGlobals) = postSolution
		SolutionGuid = {F774982A-4C21-4F8B-BEE3-5F69FD51DE18}
	EndGlobalSection
EndGlobal
